schema: '2.0'
stages:
  ingest:
    cmd: python pipelines/ingest_pipeline.py
    deps:
    - path: data/raw/creditcard.csv
      hash: md5
      md5: e90efcb83d69faf99fcab8b0255024de
      size: 150828752
    - path: pipelines/ingest_pipeline.py
      hash: md5
      md5: 00de1ad75caaa108edc56140edb31058
      size: 196
    - path: src/components/data_ingestion.py
      hash: md5
      md5: c3521c3e46186a107314cf23cfa67f60
      size: 1524
    outs:
    - path: artifacts/test.csv
      hash: md5
      md5: c443ce653b065bb2710bdcc3f4157f61
      size: 30162218
    - path: artifacts/train.csv
      hash: md5
      md5: 822bac83daab379158cb844a898ebf4f
      size: 120655500
  preprocess:
    cmd: python pipelines/preprocess_pipeline.py
    deps:
    - path: artifacts/test.csv
      hash: md5
      md5: c443ce653b065bb2710bdcc3f4157f61
      size: 30162218
    - path: artifacts/train.csv
      hash: md5
      md5: 822bac83daab379158cb844a898ebf4f
      size: 120655500
    - path: pipelines/preprocess_pipeline.py
      hash: md5
      md5: 8a0663c0f763636f526483b642cfb337
      size: 841
    - path: src/components/feature_engineering.py
      hash: md5
      md5: 50d3e0eb3631600e299e592de12860eb
      size: 1544
    - path: src/components/preprocessing.py
      hash: md5
      md5: dcdfd6b3f7ea298a5d7fe4e6b52ebe4a
      size: 1695
    outs:
    - path: artifacts/test_processed.csv
      hash: md5
      md5: 3b7ead8dfa4f9516f4fbf544c00c0948
      size: 37931994
    - path: artifacts/train_processed.csv
      hash: md5
      md5: 0f834744f94ffc7fe684d37693d2d871
      size: 151738836
  train:
    cmd: python pipelines/training_pipeline.py
    deps:
    - path: artifacts/test_processed.csv
      hash: md5
      md5: 3b7ead8dfa4f9516f4fbf544c00c0948
      size: 37931994
    - path: artifacts/train_processed.csv
      hash: md5
      md5: 0f834744f94ffc7fe684d37693d2d871
      size: 151738836
    - path: pipelines/training_pipeline.py
      hash: md5
      md5: d84e694513efce5f27b63d30900ab27d
      size: 799
    - path: src/components/model_training.py
      hash: md5
      md5: 972fab77528e845cc7903244f59b5eb7
      size: 3988
    params:
      params.yaml:
        model.learning_rate: 0.05
        model.max_depth: 10
        model.n_estimators: 300
    outs:
    - path: models/model.pkl
      hash: md5
      md5: 4643b9e141473989e74cfb795087caef
      size: 2121800
