schema: '2.0'
stages:
  ingest_postgres:
    cmd: python -m src.components.data_ingestion_postgres
    deps:
    - path: data/raw/fraudTest.csv
      hash: md5
      md5: 692357a2589a1a6fcd44f14b3e1f9d2c
      size: 150354339
    - path: data/raw/fraudTrain.csv
      hash: md5
      md5: 9723893e5492dc0551036edcf596e284
      size: 351238196
    - path: src/components/data_ingestion_postgres.py
      hash: md5
      md5: 76bcfeb63d87fcfef57f67bf8ab96cd5
      size: 4367
  feast_ingest:
    cmd: python -m src.components.data_ingestion_feast
    deps:
    - path: data/raw/fraudTest.csv
      hash: md5
      md5: 692357a2589a1a6fcd44f14b3e1f9d2c
      size: 150354339
    - path: data/raw/fraudTrain.csv
      hash: md5
      md5: 9723893e5492dc0551036edcf596e284
      size: 351238196
    - path: src/components/data_ingestion_feast.py
      hash: md5
      md5: f74e4bd73bcb5c4ff9e09a4c181c60a8
      size: 6004
    - path: src/components/feature_engineering.py
      hash: md5
      md5: c326e640eaf859ec98f5b88b9f3dbe67
      size: 7971
    outs:
    - path: data/sparkov_cc_features.parquet
      hash: md5
      md5: 8fc221d39a9460c60f9b54d5f14ea273
      size: 64111
    - path: data/sparkov_merchant_features.parquet
      hash: md5
      md5: 20ff763a05d82312b88ca7d9c78abc45
      size: 39991
    - path: data/sparkov_transaction_features.parquet
      hash: md5
      md5: aa761816f862c814b12941787067bc35
      size: 116519470
  feast_apply:
    cmd: cd feast/feature_repo && feast apply
    deps:
    - path: feast/feature_repo/feature_store.yaml
      hash: md5
      md5: b7ad986c6ac421edf6252a1430e7c663
      size: 477
    - path: feast/feature_repo/features.py
      hash: md5
      md5: 11554e620a4d8a15e91719eeb464cc05
      size: 5774
    outs:
    - path: feast/feature_repo/data/registry.db
      hash: md5
      md5: c747892d882f9f43b6597f17efa6ad81
      size: 4754
  feast_materialize:
    cmd: cd feast/feature_repo && feast materialize -v cc_num_features -v 
      merchant_features "2019-01-01T00:00:00" "2021-01-01T00:00:00"
    deps:
    - path: feast/feature_repo/data/registry.db
      hash: md5
      md5: b7e1b9be9d436269211420ddb1e582e3
      size: 4790
  train:
    cmd: python -m pipelines.training_pipeline
    deps:
    - path: configs/config.yaml
      hash: md5
      md5: 9e50069bb8e8afd485f0f2ada138fd2b
      size: 2144
    - path: data/sparkov_cc_features.parquet
      hash: md5
      md5: 8fc221d39a9460c60f9b54d5f14ea273
      size: 64111
    - path: data/sparkov_merchant_features.parquet
      hash: md5
      md5: 20ff763a05d82312b88ca7d9c78abc45
      size: 39991
    - path: data/sparkov_transaction_features.parquet
      hash: md5
      md5: aa761816f862c814b12941787067bc35
      size: 116519470
    - path: pipelines/training_pipeline.py
      hash: md5
      md5: 3f1e6948f325d99e65af211a342ac474
      size: 10484
    - path: src/components/data_validation.py
      hash: md5
      md5: 37d309f210f44d1e255a342945eba380
      size: 1678
    - path: src/components/feature_engineering.py
      hash: md5
      md5: c326e640eaf859ec98f5b88b9f3dbe67
      size: 7971
    - path: src/components/mlflow_tracking.py
      hash: md5
      md5: ad6ecb85445a0011d7278b553fb13fd5
      size: 7083
    - path: src/components/model_evaluation.py
      hash: md5
      md5: 26a1223f783a007569c3e7423604ffb2
      size: 2675
    - path: src/components/model_training.py
      hash: md5
      md5: 99fbdb89e836499b0ce247da8584f682
      size: 11005
    params:
      params.yaml:
        data.val_quantile: 0.8
        mlflow.experiment_name: sparkov-fraud
        mlflow.register_model: true
        mlflow.registered_name: FraudDetectionCatBoost
        mlflow.run_name: catboost-train
        model.bagging_temperature: 1.1713021441934048
        model.border_count: 192
        model.depth: 10
        model.early_stopping: 50
        model.eval_metric: PRAUC
        model.iterations: 307
        model.l2_leaf_reg: 19.613363614465985
        model.learning_rate: 0.14757878491291962
        model.random_seed: 42
        model.random_strength: 1.2157708813939343
    outs:
    - path: metrics/train_metrics.json
      hash: md5
      md5: c16a83f4a723880c7fb575773f62e77f
      size: 313
    - path: models/catboost.cbm
      hash: md5
      md5: 5b99b1c35ce0292ee38cbacdd43be5cf
      size: 2183752
    - path: models/feature_engineering.pkl
      hash: md5
      md5: 0395fca4c33f7875a37e2232360b5775
      size: 146561
    - path: models/metadata.json
      hash: md5
      md5: b52598c3a1052dc91b6e527308b422c3
      size: 1652
  drift_report:
    cmd: python -m src.components.drift_report
    deps:
    - path: data/raw/fraudTest.csv
      hash: md5
      md5: 692357a2589a1a6fcd44f14b3e1f9d2c
      size: 150354339
    - path: data/raw/fraudTrain.csv
      hash: md5
      md5: 9723893e5492dc0551036edcf596e284
      size: 351238196
    - path: src/components/drift_report.py
      hash: md5
      md5: 2942b27e0879d58bde12d0c9f95a22a8
      size: 3245
    outs:
    - path: metrics/drift_report.html
      hash: md5
      md5: 33277dc100178b2b2a6896ac1ce5ac0a
      size: 4253476
    - path: metrics/drift_report.json
      hash: md5
      md5: 00b42a1e60801d037cf162f6e0a2b225
      size: 2671
